<?xml version="1.0" encoding="utf-8"?>
<Project ToolsVersion="4.0" xmlns="http://schemas.microsoft.com/developer/msbuild/2003">
  <ItemGroup>
    <ClCompile Include="main.cpp" />
    <ClCompile Include="DerivedCredits.cpp">
      <Filter>Source Files</Filter>
    </ClCompile>
    <ClCompile Include="FileCopier.cpp">
      <Filter>Source Files</Filter>
    </ClCompile>
  </ItemGroup>
  <ItemGroup>
    <ClInclude Include="DerivedCredits.h">
      <Filter>Header Files</Filter>
    </ClInclude>
    <ClInclude Include="FileCopier.h">
      <Filter>Header Files</Filter>
    </ClInclude>
  </ItemGroup>
  <ItemGroup>
    <Filter Include="Header Files">
      <UniqueIdentifier>{ad17229d-46a3-4b9f-bcf2-f8272ae66481}</UniqueIdentifier>
    </Filter>
    <Filter Include="Source Files">
      <UniqueIdentifier>{b37ef7a6-3871-45d6-acf9-edbaf5d9b817}</UniqueIdentifier>
    </Filter>
  </ItemGroup>
</Project>